
Microsoft Visual Studio Solution File, Format Version 12.00
# Visual Studio Version 17
VisualStudioVersion = 17.7.34202.233
MinimumVisualStudioVersion = 10.0.40219.1
Project("{FAE04EC0-301F-11D3-BF4B-00C04F79EFBC}") = "Sadis.Web", "Sadis.Web\Sadis.Web.csproj", "{85EE43F7-8712-4140-9777-915D0E192C75}"
EndProject
Project("{FAE04EC0-301F-11D3-BF4B-00C04F79EFBC}") = "Sadis.DAL", "Sadis.DAL\Sadis.DAL.csproj", "{D1C298AD-82C3-4F83-970D-6E61C2B5591A}"
EndProject
Project("{FAE04EC0-301F-11D3-BF4B-00C04F79EFBC}") = "Sadis.Entities", "Sadis.Entities\Sadis.Entities.csproj", "{DE4F8D94-3E19-4261-98BC-E359C67E8DE1}"
EndProject
Global
	GlobalSection(SolutionConfigurationPlatforms) = preSolution
		Debug|Any CPU = Debug|Any CPU
		Release|Any CPU = Release|Any CPU
	EndGlobalSection
	GlobalSection(ProjectConfigurationPlatforms) = postSolution
		{85EE43F7-8712-4140-9777-915D0E192C75}.Debug|Any CPU.ActiveCfg = Debug|Any CPU
		{85EE43F7-8712-4140-9777-915D0E192C75}.Debug|Any CPU.Build.0 = Debug|Any CPU
		{85EE43F7-8712-4140-9777-915D0E192C75}.Release|Any CPU.ActiveCfg = Release|Any CPU
		{85EE43F7-8712-4140-9777-915D0E192C75}.Release|Any CPU.Build.0 = Release|Any CPU
		{D1C298AD-82C3-4F83-970D-6E61C2B5591A}.Debug|Any CPU.ActiveCfg = Debug|Any CPU
		{D1C298AD-82C3-4F83-970D-6E61C2B5591A}.Debug|Any CPU.Build.0 = Debug|Any CPU
		{D1C298AD-82C3-4F83-970D-6E61C2B5591A}.Release|Any CPU.ActiveCfg = Release|Any CPU
		{D1C298AD-82C3-4F83-970D-6E61C2B5591A}.Release|Any CPU.Build.0 = Release|Any CPU
		{DE4F8D94-3E19-4261-98BC-E359C67E8DE1}.Debug|Any CPU.ActiveCfg = Debug|Any CPU
		{DE4F8D94-3E19-4261-98BC-E359C67E8DE1}.Debug|Any CPU.Build.0 = Debug|Any CPU
		{DE4F8D94-3E19-4261-98BC-E359C67E8DE1}.Release|Any CPU.ActiveCfg = Release|Any CPU
		{DE4F8D94-3E19-4261-98BC-E359C67E8DE1}.Release|Any CPU.Build.0 = Release|Any CPU
	EndGlobalSection
	GlobalSection(SolutionProperties) = preSolution
		HideSolutionNode = FALSE
	EndGlobalSection
	GlobalSection(ExtensibilityGlobals) = postSolution
		SolutionGuid = {6E955611-4E12-4063-B880-4EF6307EC44A}
	EndGlobalSection
EndGlobal
